# This file is automatically @generated by Cargo.
# It is not intended for manual editing.
version = 3

[[package]]
name = "capnp"
version = "0.20.3"
source = "registry+https://github.com/rust-lang/crates.io-index"
checksum = "bce4e2d41c16cf9188f47ca4d59fdcdca1f33705af211bdb41f0afbd3442f8b5"
dependencies = [
 "embedded-io",
]

[[package]]
name = "capnpc"
version = "0.20.0"
source = "registry+https://github.com/rust-lang/crates.io-index"
checksum = "8d13cb6e2643fd1f9fb804ba938323636ef52e07d6e495e372d933ad0cb98207"
dependencies = [
 "capnp",
]

[[package]]
name = "embedded-io"
version = "0.6.1"
source = "registry+https://github.com/rust-lang/crates.io-index"
checksum = "edd0f118536f44f5ccd48bcb8b111bdc3de888b58c74639dfb034a357d0f206d"

[[package]]
name = "nkv_spec"
version = "0.1.2"
dependencies = [
 "capnp",
 "capnpc",
]
